
Microsoft Visual Studio Solution File, Format Version 11.00
# Visual C++ Express 2010
Project("{8BC9CEB8-8B4A-11D0-8D11-00A0C91BC942}") = "logger", "judgerlib\logger\logger.vcxproj", "{3408ED8D-0190-4247-A811-1BC6A4490461}"
EndProject
Project("{8BC9CEB8-8B4A-11D0-8D11-00A0C91BC942}") = "xml", "judgerlib\xml\xml.vcxproj", "{4ACCA560-35FF-4D5C-A116-A22B163C21E5}"
	ProjectSection(ProjectDependencies) = postProject
		{A97F3711-1FF2-412A-9F0B-D40AFC79E583} = {A97F3711-1FF2-412A-9F0B-D40AFC79E583}
		{3408ED8D-0190-4247-A811-1BC6A4490461} = {3408ED8D-0190-4247-A811-1BC6A4490461}
	EndProjectSection
EndProject
Project("{8BC9CEB8-8B4A-11D0-8D11-00A0C91BC942}") = "platformlayer", "judgerlib\platformlayer\platformlayer.vcxproj", "{A97F3711-1FF2-412A-9F0B-D40AFC79E583}"
	ProjectSection(ProjectDependencies) = postProject
		{C4B01F8C-45D3-4A2C-9D01-33EC0E6AE009} = {C4B01F8C-45D3-4A2C-9D01-33EC0E6AE009}
		{3408ED8D-0190-4247-A811-1BC6A4490461} = {3408ED8D-0190-4247-A811-1BC6A4490461}
	EndProjectSection
EndProject
Project("{F088123C-0E9E-452A-89E6-6BA2F21D5CAC}") = "architecture", "doc\architecture\architecture.modelproj", "{7D111AD4-B276-4F06-9BCB-7EFDF482E73A}"
EndProject
Project("{8BC9CEB8-8B4A-11D0-8D11-00A0C91BC942}") = "thread", "judgerlib\thread\thread.vcxproj", "{A91D844A-92AD-4D8A-9FFF-B859D2576CA6}"
	ProjectSection(ProjectDependencies) = postProject
		{A97F3711-1FF2-412A-9F0B-D40AFC79E583} = {A97F3711-1FF2-412A-9F0B-D40AFC79E583}
		{3408ED8D-0190-4247-A811-1BC6A4490461} = {3408ED8D-0190-4247-A811-1BC6A4490461}
	EndProjectSection
EndProject
Project("{8BC9CEB8-8B4A-11D0-8D11-00A0C91BC942}") = "config", "judgerlib\config\config.vcxproj", "{AC4DB720-DD25-4CD5-B91F-04A5AD5C213F}"
	ProjectSection(ProjectDependencies) = postProject
		{A97F3711-1FF2-412A-9F0B-D40AFC79E583} = {A97F3711-1FF2-412A-9F0B-D40AFC79E583}
		{4ACCA560-35FF-4D5C-A116-A22B163C21E5} = {4ACCA560-35FF-4D5C-A116-A22B163C21E5}
		{3408ED8D-0190-4247-A811-1BC6A4490461} = {3408ED8D-0190-4247-A811-1BC6A4490461}
	EndProjectSection
EndProject
Project("{8BC9CEB8-8B4A-11D0-8D11-00A0C91BC942}") = "Daemon", "Daemon\Daemon.vcxproj", "{FFB70E2B-3BD7-4C21-9782-91A324E877BD}"
	ProjectSection(ProjectDependencies) = postProject
		{A97F3711-1FF2-412A-9F0B-D40AFC79E583} = {A97F3711-1FF2-412A-9F0B-D40AFC79E583}
		{AC4DB720-DD25-4CD5-B91F-04A5AD5C213F} = {AC4DB720-DD25-4CD5-B91F-04A5AD5C213F}
		{2CAACD2D-1A57-4610-B346-6841DCB56B2A} = {2CAACD2D-1A57-4610-B346-6841DCB56B2A}
		{A91D844A-92AD-4D8A-9FFF-B859D2576CA6} = {A91D844A-92AD-4D8A-9FFF-B859D2576CA6}
		{0E2F904B-F674-4D30-BEF7-4FDEC1395631} = {0E2F904B-F674-4D30-BEF7-4FDEC1395631}
		{4ACCA560-35FF-4D5C-A116-A22B163C21E5} = {4ACCA560-35FF-4D5C-A116-A22B163C21E5}
		{3183776B-F929-4018-8EF3-649775A53273} = {3183776B-F929-4018-8EF3-649775A53273}
		{80D38A6C-7A0C-4A7A-A9E8-6F74DB61324F} = {80D38A6C-7A0C-4A7A-A9E8-6F74DB61324F}
		{C4B01F8C-45D3-4A2C-9D01-33EC0E6AE009} = {C4B01F8C-45D3-4A2C-9D01-33EC0E6AE009}
		{3408ED8D-0190-4247-A811-1BC6A4490461} = {3408ED8D-0190-4247-A811-1BC6A4490461}
		{EA669E91-E3FE-48F9-A158-22FB5E7AD28E} = {EA669E91-E3FE-48F9-A158-22FB5E7AD28E}
		{8F23609A-3BEB-493D-A5DD-8B1D24814320} = {8F23609A-3BEB-493D-A5DD-8B1D24814320}
		{274EAEB5-8A9C-45FD-9C90-215961DB3AFF} = {274EAEB5-8A9C-45FD-9C90-215961DB3AFF}
		{32F278DD-CCEB-432D-9DA2-CDF7F4BE9074} = {32F278DD-CCEB-432D-9DA2-CDF7F4BE9074}
	EndProjectSection
EndProject
Project("{8BC9CEB8-8B4A-11D0-8D11-00A0C91BC942}") = "Test", "Test\Test.vcxproj", "{C8625AC2-3EAA-4A71-A0B0-C9FEC97B7223}"
	ProjectSection(ProjectDependencies) = postProject
		{A97F3711-1FF2-412A-9F0B-D40AFC79E583} = {A97F3711-1FF2-412A-9F0B-D40AFC79E583}
		{AC4DB720-DD25-4CD5-B91F-04A5AD5C213F} = {AC4DB720-DD25-4CD5-B91F-04A5AD5C213F}
		{A91D844A-92AD-4D8A-9FFF-B859D2576CA6} = {A91D844A-92AD-4D8A-9FFF-B859D2576CA6}
		{0E2F904B-F674-4D30-BEF7-4FDEC1395631} = {0E2F904B-F674-4D30-BEF7-4FDEC1395631}
		{4ACCA560-35FF-4D5C-A116-A22B163C21E5} = {4ACCA560-35FF-4D5C-A116-A22B163C21E5}
		{3183776B-F929-4018-8EF3-649775A53273} = {3183776B-F929-4018-8EF3-649775A53273}
		{C4B01F8C-45D3-4A2C-9D01-33EC0E6AE009} = {C4B01F8C-45D3-4A2C-9D01-33EC0E6AE009}
		{3408ED8D-0190-4247-A811-1BC6A4490461} = {3408ED8D-0190-4247-A811-1BC6A4490461}
		{EA669E91-E3FE-48F9-A158-22FB5E7AD28E} = {EA669E91-E3FE-48F9-A158-22FB5E7AD28E}
		{8F23609A-3BEB-493D-A5DD-8B1D24814320} = {8F23609A-3BEB-493D-A5DD-8B1D24814320}
		{274EAEB5-8A9C-45FD-9C90-215961DB3AFF} = {274EAEB5-8A9C-45FD-9C90-215961DB3AFF}
		{32F278DD-CCEB-432D-9DA2-CDF7F4BE9074} = {32F278DD-CCEB-432D-9DA2-CDF7F4BE9074}
	EndProjectSection
EndProject
Project("{8BC9CEB8-8B4A-11D0-8D11-00A0C91BC942}") = "process", "judgerlib\process\process.vcxproj", "{32F278DD-CCEB-432D-9DA2-CDF7F4BE9074}"
	ProjectSection(ProjectDependencies) = postProject
		{A97F3711-1FF2-412A-9F0B-D40AFC79E583} = {A97F3711-1FF2-412A-9F0B-D40AFC79E583}
		{0E2F904B-F674-4D30-BEF7-4FDEC1395631} = {0E2F904B-F674-4D30-BEF7-4FDEC1395631}
		{3408ED8D-0190-4247-A811-1BC6A4490461} = {3408ED8D-0190-4247-A811-1BC6A4490461}
	EndProjectSection
EndProject
Project("{8BC9CEB8-8B4A-11D0-8D11-00A0C91BC942}") = "sql", "judgerlib\sql\sql.vcxproj", "{EA669E91-E3FE-48F9-A158-22FB5E7AD28E}"
	ProjectSection(ProjectDependencies) = postProject
		{A97F3711-1FF2-412A-9F0B-D40AFC79E583} = {A97F3711-1FF2-412A-9F0B-D40AFC79E583}
		{3408ED8D-0190-4247-A811-1BC6A4490461} = {3408ED8D-0190-4247-A811-1BC6A4490461}
	EndProjectSection
EndProject
Project("{8BC9CEB8-8B4A-11D0-8D11-00A0C91BC942}") = "filetool", "judgerlib\filetool\filetool.vcxproj", "{274EAEB5-8A9C-45FD-9C90-215961DB3AFF}"
EndProject
Project("{8BC9CEB8-8B4A-11D0-8D11-00A0C91BC942}") = "taskmanager", "judgerlib\taskmanager\taskmanager.vcxproj", "{3183776B-F929-4018-8EF3-649775A53273}"
	ProjectSection(ProjectDependencies) = postProject
		{A97F3711-1FF2-412A-9F0B-D40AFC79E583} = {A97F3711-1FF2-412A-9F0B-D40AFC79E583}
		{3408ED8D-0190-4247-A811-1BC6A4490461} = {3408ED8D-0190-4247-A811-1BC6A4490461}
	EndProjectSection
EndProject
Project("{8BC9CEB8-8B4A-11D0-8D11-00A0C91BC942}") = "windowsapihook", "judgerlib\windowsapihook\windowsapihook.vcxproj", "{0E2F904B-F674-4D30-BEF7-4FDEC1395631}"
	ProjectSection(ProjectDependencies) = postProject
		{A97F3711-1FF2-412A-9F0B-D40AFC79E583} = {A97F3711-1FF2-412A-9F0B-D40AFC79E583}
		{3408ED8D-0190-4247-A811-1BC6A4490461} = {3408ED8D-0190-4247-A811-1BC6A4490461}
	EndProjectSection
EndProject
Project("{8BC9CEB8-8B4A-11D0-8D11-00A0C91BC942}") = "util", "judgerlib\util\util.vcxproj", "{C4B01F8C-45D3-4A2C-9D01-33EC0E6AE009}"
EndProject
Project("{8BC9CEB8-8B4A-11D0-8D11-00A0C91BC942}") = "compiler", "judgerlib\compiler\compiler.vcxproj", "{8F23609A-3BEB-493D-A5DD-8B1D24814320}"
EndProject
Project("{8BC9CEB8-8B4A-11D0-8D11-00A0C91BC942}") = "excuter", "judgerlib\excuter\excuter.vcxproj", "{80D38A6C-7A0C-4A7A-A9E8-6F74DB61324F}"
EndProject
Project("{8BC9CEB8-8B4A-11D0-8D11-00A0C91BC942}") = "matcher", "judgerlib\matcher\matcher.vcxproj", "{2CAACD2D-1A57-4610-B346-6841DCB56B2A}"
EndProject
Project("{8BC9CEB8-8B4A-11D0-8D11-00A0C91BC942}") = "judgecore", "judgerlib\judgecore\judgecore.vcxproj", "{8A294B69-584E-452C-92D9-442B9F346466}"
EndProject
Global
	GlobalSection(SolutionConfigurationPlatforms) = preSolution
		Debug|Any CPU = Debug|Any CPU
		Debug|Mixed Platforms = Debug|Mixed Platforms
		Debug|Win32 = Debug|Win32
		Release|Any CPU = Release|Any CPU
		Release|Mixed Platforms = Release|Mixed Platforms
		Release|Win32 = Release|Win32
		Template|Any CPU = Template|Any CPU
		Template|Mixed Platforms = Template|Mixed Platforms
		Template|Win32 = Template|Win32
	EndGlobalSection
	GlobalSection(ProjectConfigurationPlatforms) = postSolution
		{3408ED8D-0190-4247-A811-1BC6A4490461}.Debug|Any CPU.ActiveCfg = Debug|Win32
		{3408ED8D-0190-4247-A811-1BC6A4490461}.Debug|Mixed Platforms.ActiveCfg = Debug|Win32
		{3408ED8D-0190-4247-A811-1BC6A4490461}.Debug|Mixed Platforms.Build.0 = Debug|Win32
		{3408ED8D-0190-4247-A811-1BC6A4490461}.Debug|Win32.ActiveCfg = Debug|Win32
		{3408ED8D-0190-4247-A811-1BC6A4490461}.Debug|Win32.Build.0 = Debug|Win32
		{3408ED8D-0190-4247-A811-1BC6A4490461}.Release|Any CPU.ActiveCfg = Release|Win32
		{3408ED8D-0190-4247-A811-1BC6A4490461}.Release|Mixed Platforms.ActiveCfg = Release|Win32
		{3408ED8D-0190-4247-A811-1BC6A4490461}.Release|Mixed Platforms.Build.0 = Release|Win32
		{3408ED8D-0190-4247-A811-1BC6A4490461}.Release|Win32.ActiveCfg = Release|Win32
		{3408ED8D-0190-4247-A811-1BC6A4490461}.Release|Win32.Build.0 = Release|Win32
		{3408ED8D-0190-4247-A811-1BC6A4490461}.Template|Any CPU.ActiveCfg = Release|Win32
		{3408ED8D-0190-4247-A811-1BC6A4490461}.Template|Mixed Platforms.ActiveCfg = Release|Win32
		{3408ED8D-0190-4247-A811-1BC6A4490461}.Template|Mixed Platforms.Build.0 = Release|Win32
		{3408ED8D-0190-4247-A811-1BC6A4490461}.Template|Win32.ActiveCfg = Release|Win32
		{3408ED8D-0190-4247-A811-1BC6A4490461}.Template|Win32.Build.0 = Release|Win32
		{4ACCA560-35FF-4D5C-A116-A22B163C21E5}.Debug|Any CPU.ActiveCfg = Debug|Win32
		{4ACCA560-35FF-4D5C-A116-A22B163C21E5}.Debug|Mixed Platforms.ActiveCfg = Debug|Win32
		{4ACCA560-35FF-4D5C-A116-A22B163C21E5}.Debug|Mixed Platforms.Build.0 = Debug|Win32
		{4ACCA560-35FF-4D5C-A116-A22B163C21E5}.Debug|Win32.ActiveCfg = Debug|Win32
		{4ACCA560-35FF-4D5C-A116-A22B163C21E5}.Debug|Win32.Build.0 = Debug|Win32
		{4ACCA560-35FF-4D5C-A116-A22B163C21E5}.Release|Any CPU.ActiveCfg = Release|Win32
		{4ACCA560-35FF-4D5C-A116-A22B163C21E5}.Release|Mixed Platforms.ActiveCfg = Release|Win32
		{4ACCA560-35FF-4D5C-A116-A22B163C21E5}.Release|Mixed Platforms.Build.0 = Release|Win32
		{4ACCA560-35FF-4D5C-A116-A22B163C21E5}.Release|Win32.ActiveCfg = Release|Win32
		{4ACCA560-35FF-4D5C-A116-A22B163C21E5}.Release|Win32.Build.0 = Release|Win32
		{4ACCA560-35FF-4D5C-A116-A22B163C21E5}.Template|Any CPU.ActiveCfg = Release|Win32
		{4ACCA560-35FF-4D5C-A116-A22B163C21E5}.Template|Mixed Platforms.ActiveCfg = Release|Win32
		{4ACCA560-35FF-4D5C-A116-A22B163C21E5}.Template|Mixed Platforms.Build.0 = Release|Win32
		{4ACCA560-35FF-4D5C-A116-A22B163C21E5}.Template|Win32.ActiveCfg = Release|Win32
		{4ACCA560-35FF-4D5C-A116-A22B163C21E5}.Template|Win32.Build.0 = Release|Win32
		{A97F3711-1FF2-412A-9F0B-D40AFC79E583}.Debug|Any CPU.ActiveCfg = Debug|Win32
		{A97F3711-1FF2-412A-9F0B-D40AFC79E583}.Debug|Mixed Platforms.ActiveCfg = Debug|Win32
		{A97F3711-1FF2-412A-9F0B-D40AFC79E583}.Debug|Mixed Platforms.Build.0 = Debug|Win32
		{A97F3711-1FF2-412A-9F0B-D40AFC79E583}.Debug|Win32.ActiveCfg = Debug|Win32
		{A97F3711-1FF2-412A-9F0B-D40AFC79E583}.Debug|Win32.Build.0 = Debug|Win32
		{A97F3711-1FF2-412A-9F0B-D40AFC79E583}.Release|Any CPU.ActiveCfg = Release|Win32
		{A97F3711-1FF2-412A-9F0B-D40AFC79E583}.Release|Mixed Platforms.ActiveCfg = Release|Win32
		{A97F3711-1FF2-412A-9F0B-D40AFC79E583}.Release|Mixed Platforms.Build.0 = Release|Win32
		{A97F3711-1FF2-412A-9F0B-D40AFC79E583}.Release|Win32.ActiveCfg = Release|Win32
		{A97F3711-1FF2-412A-9F0B-D40AFC79E583}.Release|Win32.Build.0 = Release|Win32
		{A97F3711-1FF2-412A-9F0B-D40AFC79E583}.Template|Any CPU.ActiveCfg = Release|Win32
		{A97F3711-1FF2-412A-9F0B-D40AFC79E583}.Template|Mixed Platforms.ActiveCfg = Release|Win32
		{A97F3711-1FF2-412A-9F0B-D40AFC79E583}.Template|Mixed Platforms.Build.0 = Release|Win32
		{A97F3711-1FF2-412A-9F0B-D40AFC79E583}.Template|Win32.ActiveCfg = Release|Win32
		{A97F3711-1FF2-412A-9F0B-D40AFC79E583}.Template|Win32.Build.0 = Release|Win32
		{7D111AD4-B276-4F06-9BCB-7EFDF482E73A}.Debug|Any CPU.ActiveCfg = Debug|Any CPU
		{7D111AD4-B276-4F06-9BCB-7EFDF482E73A}.Debug|Any CPU.Build.0 = Debug|Any CPU
		{7D111AD4-B276-4F06-9BCB-7EFDF482E73A}.Debug|Mixed Platforms.ActiveCfg = Debug|Any CPU
		{7D111AD4-B276-4F06-9BCB-7EFDF482E73A}.Debug|Mixed Platforms.Build.0 = Debug|Any CPU
		{7D111AD4-B276-4F06-9BCB-7EFDF482E73A}.Debug|Win32.ActiveCfg = Debug|Any CPU
		{7D111AD4-B276-4F06-9BCB-7EFDF482E73A}.Release|Any CPU.ActiveCfg = Release|Any CPU
		{7D111AD4-B276-4F06-9BCB-7EFDF482E73A}.Release|Any CPU.Build.0 = Release|Any CPU
		{7D111AD4-B276-4F06-9BCB-7EFDF482E73A}.Release|Mixed Platforms.ActiveCfg = Release|Any CPU
		{7D111AD4-B276-4F06-9BCB-7EFDF482E73A}.Release|Mixed Platforms.Build.0 = Release|Any CPU
		{7D111AD4-B276-4F06-9BCB-7EFDF482E73A}.Release|Win32.ActiveCfg = Release|Any CPU
		{7D111AD4-B276-4F06-9BCB-7EFDF482E73A}.Template|Any CPU.ActiveCfg = Release|Any CPU
		{7D111AD4-B276-4F06-9BCB-7EFDF482E73A}.Template|Any CPU.Build.0 = Release|Any CPU
		{7D111AD4-B276-4F06-9BCB-7EFDF482E73A}.Template|Mixed Platforms.ActiveCfg = Release|Any CPU
		{7D111AD4-B276-4F06-9BCB-7EFDF482E73A}.Template|Mixed Platforms.Build.0 = Release|Any CPU
		{7D111AD4-B276-4F06-9BCB-7EFDF482E73A}.Template|Win32.ActiveCfg = Release|Any CPU
		{A91D844A-92AD-4D8A-9FFF-B859D2576CA6}.Debug|Any CPU.ActiveCfg = Debug|Win32
		{A91D844A-92AD-4D8A-9FFF-B859D2576CA6}.Debug|Mixed Platforms.ActiveCfg = Debug|Win32
		{A91D844A-92AD-4D8A-9FFF-B859D2576CA6}.Debug|Mixed Platforms.Build.0 = Debug|Win32
		{A91D844A-92AD-4D8A-9FFF-B859D2576CA6}.Debug|Win32.ActiveCfg = Debug|Win32
		{A91D844A-92AD-4D8A-9FFF-B859D2576CA6}.Debug|Win32.Build.0 = Debug|Win32
		{A91D844A-92AD-4D8A-9FFF-B859D2576CA6}.Release|Any CPU.ActiveCfg = Release|Win32
		{A91D844A-92AD-4D8A-9FFF-B859D2576CA6}.Release|Mixed Platforms.ActiveCfg = Release|Win32
		{A91D844A-92AD-4D8A-9FFF-B859D2576CA6}.Release|Mixed Platforms.Build.0 = Release|Win32
		{A91D844A-92AD-4D8A-9FFF-B859D2576CA6}.Release|Win32.ActiveCfg = Release|Win32
		{A91D844A-92AD-4D8A-9FFF-B859D2576CA6}.Release|Win32.Build.0 = Release|Win32
		{A91D844A-92AD-4D8A-9FFF-B859D2576CA6}.Template|Any CPU.ActiveCfg = Release|Win32
		{A91D844A-92AD-4D8A-9FFF-B859D2576CA6}.Template|Mixed Platforms.ActiveCfg = Release|Win32
		{A91D844A-92AD-4D8A-9FFF-B859D2576CA6}.Template|Mixed Platforms.Build.0 = Release|Win32
		{A91D844A-92AD-4D8A-9FFF-B859D2576CA6}.Template|Win32.ActiveCfg = Release|Win32
		{A91D844A-92AD-4D8A-9FFF-B859D2576CA6}.Template|Win32.Build.0 = Release|Win32
		{AC4DB720-DD25-4CD5-B91F-04A5AD5C213F}.Debug|Any CPU.ActiveCfg = Debug|Win32
		{AC4DB720-DD25-4CD5-B91F-04A5AD5C213F}.Debug|Mixed Platforms.ActiveCfg = Debug|Win32
		{AC4DB720-DD25-4CD5-B91F-04A5AD5C213F}.Debug|Mixed Platforms.Build.0 = Debug|Win32
		{AC4DB720-DD25-4CD5-B91F-04A5AD5C213F}.Debug|Win32.ActiveCfg = Debug|Win32
		{AC4DB720-DD25-4CD5-B91F-04A5AD5C213F}.Debug|Win32.Build.0 = Debug|Win32
		{AC4DB720-DD25-4CD5-B91F-04A5AD5C213F}.Release|Any CPU.ActiveCfg = Release|Win32
		{AC4DB720-DD25-4CD5-B91F-04A5AD5C213F}.Release|Mixed Platforms.ActiveCfg = Release|Win32
		{AC4DB720-DD25-4CD5-B91F-04A5AD5C213F}.Release|Mixed Platforms.Build.0 = Release|Win32
		{AC4DB720-DD25-4CD5-B91F-04A5AD5C213F}.Release|Win32.ActiveCfg = Release|Win32
		{AC4DB720-DD25-4CD5-B91F-04A5AD5C213F}.Release|Win32.Build.0 = Release|Win32
		{AC4DB720-DD25-4CD5-B91F-04A5AD5C213F}.Template|Any CPU.ActiveCfg = Release|Win32
		{AC4DB720-DD25-4CD5-B91F-04A5AD5C213F}.Template|Mixed Platforms.ActiveCfg = Release|Win32
		{AC4DB720-DD25-4CD5-B91F-04A5AD5C213F}.Template|Mixed Platforms.Build.0 = Release|Win32
		{AC4DB720-DD25-4CD5-B91F-04A5AD5C213F}.Template|Win32.ActiveCfg = Release|Win32
		{AC4DB720-DD25-4CD5-B91F-04A5AD5C213F}.Template|Win32.Build.0 = Release|Win32
		{FFB70E2B-3BD7-4C21-9782-91A324E877BD}.Debug|Any CPU.ActiveCfg = Debug|Win32
		{FFB70E2B-3BD7-4C21-9782-91A324E877BD}.Debug|Mixed Platforms.ActiveCfg = Debug|Win32
		{FFB70E2B-3BD7-4C21-9782-91A324E877BD}.Debug|Mixed Platforms.Build.0 = Debug|Win32
		{FFB70E2B-3BD7-4C21-9782-91A324E877BD}.Debug|Win32.ActiveCfg = Debug|Win32
		{FFB70E2B-3BD7-4C21-9782-91A324E877BD}.Debug|Win32.Build.0 = Debug|Win32
		{FFB70E2B-3BD7-4C21-9782-91A324E877BD}.Release|Any CPU.ActiveCfg = Release|Win32
		{FFB70E2B-3BD7-4C21-9782-91A324E877BD}.Release|Mixed Platforms.ActiveCfg = Release|Win32
		{FFB70E2B-3BD7-4C21-9782-91A324E877BD}.Release|Mixed Platforms.Build.0 = Release|Win32
		{FFB70E2B-3BD7-4C21-9782-91A324E877BD}.Release|Win32.ActiveCfg = Release|Win32
		{FFB70E2B-3BD7-4C21-9782-91A324E877BD}.Release|Win32.Build.0 = Release|Win32
		{FFB70E2B-3BD7-4C21-9782-91A324E877BD}.Template|Any CPU.ActiveCfg = Release|Win32
		{FFB70E2B-3BD7-4C21-9782-91A324E877BD}.Template|Mixed Platforms.ActiveCfg = Release|Win32
		{FFB70E2B-3BD7-4C21-9782-91A324E877BD}.Template|Mixed Platforms.Build.0 = Release|Win32
		{FFB70E2B-3BD7-4C21-9782-91A324E877BD}.Template|Win32.ActiveCfg = Release|Win32
		{FFB70E2B-3BD7-4C21-9782-91A324E877BD}.Template|Win32.Build.0 = Release|Win32
		{C8625AC2-3EAA-4A71-A0B0-C9FEC97B7223}.Debug|Any CPU.ActiveCfg = Debug|Win32
		{C8625AC2-3EAA-4A71-A0B0-C9FEC97B7223}.Debug|Mixed Platforms.ActiveCfg = Debug|Win32
		{C8625AC2-3EAA-4A71-A0B0-C9FEC97B7223}.Debug|Mixed Platforms.Build.0 = Debug|Win32
		{C8625AC2-3EAA-4A71-A0B0-C9FEC97B7223}.Debug|Win32.ActiveCfg = Debug|Win32
		{C8625AC2-3EAA-4A71-A0B0-C9FEC97B7223}.Debug|Win32.Build.0 = Debug|Win32
		{C8625AC2-3EAA-4A71-A0B0-C9FEC97B7223}.Release|Any CPU.ActiveCfg = Release|Win32
		{C8625AC2-3EAA-4A71-A0B0-C9FEC97B7223}.Release|Mixed Platforms.ActiveCfg = Release|Win32
		{C8625AC2-3EAA-4A71-A0B0-C9FEC97B7223}.Release|Mixed Platforms.Build.0 = Release|Win32
		{C8625AC2-3EAA-4A71-A0B0-C9FEC97B7223}.Release|Win32.ActiveCfg = Release|Win32
		{C8625AC2-3EAA-4A71-A0B0-C9FEC97B7223}.Release|Win32.Build.0 = Release|Win32
		{C8625AC2-3EAA-4A71-A0B0-C9FEC97B7223}.Template|Any CPU.ActiveCfg = Release|Win32
		{C8625AC2-3EAA-4A71-A0B0-C9FEC97B7223}.Template|Mixed Platforms.ActiveCfg = Release|Win32
		{C8625AC2-3EAA-4A71-A0B0-C9FEC97B7223}.Template|Mixed Platforms.Build.0 = Release|Win32
		{C8625AC2-3EAA-4A71-A0B0-C9FEC97B7223}.Template|Win32.ActiveCfg = Release|Win32
		{C8625AC2-3EAA-4A71-A0B0-C9FEC97B7223}.Template|Win32.Build.0 = Release|Win32
		{32F278DD-CCEB-432D-9DA2-CDF7F4BE9074}.Debug|Any CPU.ActiveCfg = Debug|Win32
		{32F278DD-CCEB-432D-9DA2-CDF7F4BE9074}.Debug|Mixed Platforms.ActiveCfg = Debug|Win32
		{32F278DD-CCEB-432D-9DA2-CDF7F4BE9074}.Debug|Mixed Platforms.Build.0 = Debug|Win32
		{32F278DD-CCEB-432D-9DA2-CDF7F4BE9074}.Debug|Win32.ActiveCfg = Debug|Win32
		{32F278DD-CCEB-432D-9DA2-CDF7F4BE9074}.Debug|Win32.Build.0 = Debug|Win32
		{32F278DD-CCEB-432D-9DA2-CDF7F4BE9074}.Release|Any CPU.ActiveCfg = Release|Win32
		{32F278DD-CCEB-432D-9DA2-CDF7F4BE9074}.Release|Mixed Platforms.ActiveCfg = Release|Win32
		{32F278DD-CCEB-432D-9DA2-CDF7F4BE9074}.Release|Mixed Platforms.Build.0 = Release|Win32
		{32F278DD-CCEB-432D-9DA2-CDF7F4BE9074}.Release|Win32.ActiveCfg = Release|Win32
		{32F278DD-CCEB-432D-9DA2-CDF7F4BE9074}.Release|Win32.Build.0 = Release|Win32
		{32F278DD-CCEB-432D-9DA2-CDF7F4BE9074}.Template|Any CPU.ActiveCfg = Release|Win32
		{32F278DD-CCEB-432D-9DA2-CDF7F4BE9074}.Template|Mixed Platforms.ActiveCfg = Release|Win32
		{32F278DD-CCEB-432D-9DA2-CDF7F4BE9074}.Template|Mixed Platforms.Build.0 = Release|Win32
		{32F278DD-CCEB-432D-9DA2-CDF7F4BE9074}.Template|Win32.ActiveCfg = Release|Win32
		{32F278DD-CCEB-432D-9DA2-CDF7F4BE9074}.Template|Win32.Build.0 = Release|Win32
		{EA669E91-E3FE-48F9-A158-22FB5E7AD28E}.Debug|Any CPU.ActiveCfg = Debug|Win32
		{EA669E91-E3FE-48F9-A158-22FB5E7AD28E}.Debug|Mixed Platforms.ActiveCfg = Debug|Win32
		{EA669E91-E3FE-48F9-A158-22FB5E7AD28E}.Debug|Mixed Platforms.Build.0 = Debug|Win32
		{EA669E91-E3FE-48F9-A158-22FB5E7AD28E}.Debug|Win32.ActiveCfg = Debug|Win32
		{EA669E91-E3FE-48F9-A158-22FB5E7AD28E}.Debug|Win32.Build.0 = Debug|Win32
		{EA669E91-E3FE-48F9-A158-22FB5E7AD28E}.Release|Any CPU.ActiveCfg = Release|Win32
		{EA669E91-E3FE-48F9-A158-22FB5E7AD28E}.Release|Mixed Platforms.ActiveCfg = Release|Win32
		{EA669E91-E3FE-48F9-A158-22FB5E7AD28E}.Release|Mixed Platforms.Build.0 = Release|Win32
		{EA669E91-E3FE-48F9-A158-22FB5E7AD28E}.Release|Win32.ActiveCfg = Release|Win32
		{EA669E91-E3FE-48F9-A158-22FB5E7AD28E}.Release|Win32.Build.0 = Release|Win32
		{EA669E91-E3FE-48F9-A158-22FB5E7AD28E}.Template|Any CPU.ActiveCfg = Release|Win32
		{EA669E91-E3FE-48F9-A158-22FB5E7AD28E}.Template|Mixed Platforms.ActiveCfg = Release|Win32
		{EA669E91-E3FE-48F9-A158-22FB5E7AD28E}.Template|Mixed Platforms.Build.0 = Release|Win32
		{EA669E91-E3FE-48F9-A158-22FB5E7AD28E}.Template|Win32.ActiveCfg = Release|Win32
		{EA669E91-E3FE-48F9-A158-22FB5E7AD28E}.Template|Win32.Build.0 = Release|Win32
		{274EAEB5-8A9C-45FD-9C90-215961DB3AFF}.Debug|Any CPU.ActiveCfg = Debug|Win32
		{274EAEB5-8A9C-45FD-9C90-215961DB3AFF}.Debug|Mixed Platforms.ActiveCfg = Debug|Win32
		{274EAEB5-8A9C-45FD-9C90-215961DB3AFF}.Debug|Mixed Platforms.Build.0 = Debug|Win32
		{274EAEB5-8A9C-45FD-9C90-215961DB3AFF}.Debug|Win32.ActiveCfg = Debug|Win32
		{274EAEB5-8A9C-45FD-9C90-215961DB3AFF}.Debug|Win32.Build.0 = Debug|Win32
		{274EAEB5-8A9C-45FD-9C90-215961DB3AFF}.Release|Any CPU.ActiveCfg = Release|Win32
		{274EAEB5-8A9C-45FD-9C90-215961DB3AFF}.Release|Mixed Platforms.ActiveCfg = Release|Win32
		{274EAEB5-8A9C-45FD-9C90-215961DB3AFF}.Release|Mixed Platforms.Build.0 = Release|Win32
		{274EAEB5-8A9C-45FD-9C90-215961DB3AFF}.Release|Win32.ActiveCfg = Release|Win32
		{274EAEB5-8A9C-45FD-9C90-215961DB3AFF}.Release|Win32.Build.0 = Release|Win32
		{274EAEB5-8A9C-45FD-9C90-215961DB3AFF}.Template|Any CPU.ActiveCfg = Release|Win32
		{274EAEB5-8A9C-45FD-9C90-215961DB3AFF}.Template|Mixed Platforms.ActiveCfg = Release|Win32
		{274EAEB5-8A9C-45FD-9C90-215961DB3AFF}.Template|Mixed Platforms.Build.0 = Release|Win32
		{274EAEB5-8A9C-45FD-9C90-215961DB3AFF}.Template|Win32.ActiveCfg = Release|Win32
		{274EAEB5-8A9C-45FD-9C90-215961DB3AFF}.Template|Win32.Build.0 = Release|Win32
		{3183776B-F929-4018-8EF3-649775A53273}.Debug|Any CPU.ActiveCfg = Debug|Win32
		{3183776B-F929-4018-8EF3-649775A53273}.Debug|Mixed Platforms.ActiveCfg = Debug|Win32
		{3183776B-F929-4018-8EF3-649775A53273}.Debug|Mixed Platforms.Build.0 = Debug|Win32
		{3183776B-F929-4018-8EF3-649775A53273}.Debug|Win32.ActiveCfg = Debug|Win32
		{3183776B-F929-4018-8EF3-649775A53273}.Debug|Win32.Build.0 = Debug|Win32
		{3183776B-F929-4018-8EF3-649775A53273}.Release|Any CPU.ActiveCfg = Release|Win32
		{3183776B-F929-4018-8EF3-649775A53273}.Release|Mixed Platforms.ActiveCfg = Release|Win32
		{3183776B-F929-4018-8EF3-649775A53273}.Release|Mixed Platforms.Build.0 = Release|Win32
		{3183776B-F929-4018-8EF3-649775A53273}.Release|Win32.ActiveCfg = Release|Win32
		{3183776B-F929-4018-8EF3-649775A53273}.Release|Win32.Build.0 = Release|Win32
		{3183776B-F929-4018-8EF3-649775A53273}.Template|Any CPU.ActiveCfg = Release|Win32
		{3183776B-F929-4018-8EF3-649775A53273}.Template|Mixed Platforms.ActiveCfg = Release|Win32
		{3183776B-F929-4018-8EF3-649775A53273}.Template|Mixed Platforms.Build.0 = Release|Win32
		{3183776B-F929-4018-8EF3-649775A53273}.Template|Win32.ActiveCfg = Release|Win32
		{3183776B-F929-4018-8EF3-649775A53273}.Template|Win32.Build.0 = Release|Win32
		{0E2F904B-F674-4D30-BEF7-4FDEC1395631}.Debug|Any CPU.ActiveCfg = Debug|Win32
		{0E2F904B-F674-4D30-BEF7-4FDEC1395631}.Debug|Mixed Platforms.ActiveCfg = Debug|Win32
		{0E2F904B-F674-4D30-BEF7-4FDEC1395631}.Debug|Mixed Platforms.Build.0 = Debug|Win32
		{0E2F904B-F674-4D30-BEF7-4FDEC1395631}.Debug|Win32.ActiveCfg = Debug|Win32
		{0E2F904B-F674-4D30-BEF7-4FDEC1395631}.Debug|Win32.Build.0 = Debug|Win32
		{0E2F904B-F674-4D30-BEF7-4FDEC1395631}.Release|Any CPU.ActiveCfg = Release|Win32
		{0E2F904B-F674-4D30-BEF7-4FDEC1395631}.Release|Mixed Platforms.ActiveCfg = Release|Win32
		{0E2F904B-F674-4D30-BEF7-4FDEC1395631}.Release|Mixed Platforms.Build.0 = Release|Win32
		{0E2F904B-F674-4D30-BEF7-4FDEC1395631}.Release|Win32.ActiveCfg = Release|Win32
		{0E2F904B-F674-4D30-BEF7-4FDEC1395631}.Release|Win32.Build.0 = Release|Win32
		{0E2F904B-F674-4D30-BEF7-4FDEC1395631}.Template|Any CPU.ActiveCfg = Release|Win32
		{0E2F904B-F674-4D30-BEF7-4FDEC1395631}.Template|Mixed Platforms.ActiveCfg = Release|Win32
		{0E2F904B-F674-4D30-BEF7-4FDEC1395631}.Template|Mixed Platforms.Build.0 = Release|Win32
		{0E2F904B-F674-4D30-BEF7-4FDEC1395631}.Template|Win32.ActiveCfg = Release|Win32
		{0E2F904B-F674-4D30-BEF7-4FDEC1395631}.Template|Win32.Build.0 = Release|Win32
		{C4B01F8C-45D3-4A2C-9D01-33EC0E6AE009}.Debug|Any CPU.ActiveCfg = Debug|Win32
		{C4B01F8C-45D3-4A2C-9D01-33EC0E6AE009}.Debug|Mixed Platforms.ActiveCfg = Debug|Win32
		{C4B01F8C-45D3-4A2C-9D01-33EC0E6AE009}.Debug|Mixed Platforms.Build.0 = Debug|Win32
		{C4B01F8C-45D3-4A2C-9D01-33EC0E6AE009}.Debug|Win32.ActiveCfg = Debug|Win32
		{C4B01F8C-45D3-4A2C-9D01-33EC0E6AE009}.Debug|Win32.Build.0 = Debug|Win32
		{C4B01F8C-45D3-4A2C-9D01-33EC0E6AE009}.Release|Any CPU.ActiveCfg = Release|Win32
		{C4B01F8C-45D3-4A2C-9D01-33EC0E6AE009}.Release|Mixed Platforms.ActiveCfg = Release|Win32
		{C4B01F8C-45D3-4A2C-9D01-33EC0E6AE009}.Release|Mixed Platforms.Build.0 = Release|Win32
		{C4B01F8C-45D3-4A2C-9D01-33EC0E6AE009}.Release|Win32.ActiveCfg = Release|Win32
		{C4B01F8C-45D3-4A2C-9D01-33EC0E6AE009}.Release|Win32.Build.0 = Release|Win32
		{C4B01F8C-45D3-4A2C-9D01-33EC0E6AE009}.Template|Any CPU.ActiveCfg = Release|Win32
		{C4B01F8C-45D3-4A2C-9D01-33EC0E6AE009}.Template|Mixed Platforms.ActiveCfg = Release|Win32
		{C4B01F8C-45D3-4A2C-9D01-33EC0E6AE009}.Template|Mixed Platforms.Build.0 = Release|Win32
		{C4B01F8C-45D3-4A2C-9D01-33EC0E6AE009}.Template|Win32.ActiveCfg = Release|Win32
		{C4B01F8C-45D3-4A2C-9D01-33EC0E6AE009}.Template|Win32.Build.0 = Release|Win32
		{8F23609A-3BEB-493D-A5DD-8B1D24814320}.Debug|Any CPU.ActiveCfg = Debug|Win32
		{8F23609A-3BEB-493D-A5DD-8B1D24814320}.Debug|Mixed Platforms.ActiveCfg = Debug|Win32
		{8F23609A-3BEB-493D-A5DD-8B1D24814320}.Debug|Mixed Platforms.Build.0 = Debug|Win32
		{8F23609A-3BEB-493D-A5DD-8B1D24814320}.Debug|Win32.ActiveCfg = Debug|Win32
		{8F23609A-3BEB-493D-A5DD-8B1D24814320}.Debug|Win32.Build.0 = Debug|Win32
		{8F23609A-3BEB-493D-A5DD-8B1D24814320}.Release|Any CPU.ActiveCfg = Release|Win32
		{8F23609A-3BEB-493D-A5DD-8B1D24814320}.Release|Mixed Platforms.ActiveCfg = Release|Win32
		{8F23609A-3BEB-493D-A5DD-8B1D24814320}.Release|Mixed Platforms.Build.0 = Release|Win32
		{8F23609A-3BEB-493D-A5DD-8B1D24814320}.Release|Win32.ActiveCfg = Release|Win32
		{8F23609A-3BEB-493D-A5DD-8B1D24814320}.Release|Win32.Build.0 = Release|Win32
		{8F23609A-3BEB-493D-A5DD-8B1D24814320}.Template|Any CPU.ActiveCfg = Release|Win32
		{8F23609A-3BEB-493D-A5DD-8B1D24814320}.Template|Mixed Platforms.ActiveCfg = Release|Win32
		{8F23609A-3BEB-493D-A5DD-8B1D24814320}.Template|Mixed Platforms.Build.0 = Release|Win32
		{8F23609A-3BEB-493D-A5DD-8B1D24814320}.Template|Win32.ActiveCfg = Release|Win32
		{8F23609A-3BEB-493D-A5DD-8B1D24814320}.Template|Win32.Build.0 = Release|Win32
		{80D38A6C-7A0C-4A7A-A9E8-6F74DB61324F}.Debug|Any CPU.ActiveCfg = Debug|Win32
		{80D38A6C-7A0C-4A7A-A9E8-6F74DB61324F}.Debug|Mixed Platforms.ActiveCfg = Debug|Win32
		{80D38A6C-7A0C-4A7A-A9E8-6F74DB61324F}.Debug|Mixed Platforms.Build.0 = Debug|Win32
		{80D38A6C-7A0C-4A7A-A9E8-6F74DB61324F}.Debug|Win32.ActiveCfg = Debug|Win32
		{80D38A6C-7A0C-4A7A-A9E8-6F74DB61324F}.Debug|Win32.Build.0 = Debug|Win32
		{80D38A6C-7A0C-4A7A-A9E8-6F74DB61324F}.Release|Any CPU.ActiveCfg = Release|Win32
		{80D38A6C-7A0C-4A7A-A9E8-6F74DB61324F}.Release|Mixed Platforms.ActiveCfg = Release|Win32
		{80D38A6C-7A0C-4A7A-A9E8-6F74DB61324F}.Release|Mixed Platforms.Build.0 = Release|Win32
		{80D38A6C-7A0C-4A7A-A9E8-6F74DB61324F}.Release|Win32.ActiveCfg = Release|Win32
		{80D38A6C-7A0C-4A7A-A9E8-6F74DB61324F}.Release|Win32.Build.0 = Release|Win32
		{80D38A6C-7A0C-4A7A-A9E8-6F74DB61324F}.Template|Any CPU.ActiveCfg = Release|Win32
		{80D38A6C-7A0C-4A7A-A9E8-6F74DB61324F}.Template|Mixed Platforms.ActiveCfg = Release|Win32
		{80D38A6C-7A0C-4A7A-A9E8-6F74DB61324F}.Template|Mixed Platforms.Build.0 = Release|Win32
		{80D38A6C-7A0C-4A7A-A9E8-6F74DB61324F}.Template|Win32.ActiveCfg = Release|Win32
		{80D38A6C-7A0C-4A7A-A9E8-6F74DB61324F}.Template|Win32.Build.0 = Release|Win32
		{2CAACD2D-1A57-4610-B346-6841DCB56B2A}.Debug|Any CPU.ActiveCfg = Debug|Win32
		{2CAACD2D-1A57-4610-B346-6841DCB56B2A}.Debug|Mixed Platforms.ActiveCfg = Debug|Win32
		{2CAACD2D-1A57-4610-B346-6841DCB56B2A}.Debug|Mixed Platforms.Build.0 = Debug|Win32
		{2CAACD2D-1A57-4610-B346-6841DCB56B2A}.Debug|Win32.ActiveCfg = Debug|Win32
		{2CAACD2D-1A57-4610-B346-6841DCB56B2A}.Debug|Win32.Build.0 = Debug|Win32
		{2CAACD2D-1A57-4610-B346-6841DCB56B2A}.Release|Any CPU.ActiveCfg = Release|Win32
		{2CAACD2D-1A57-4610-B346-6841DCB56B2A}.Release|Mixed Platforms.ActiveCfg = Release|Win32
		{2CAACD2D-1A57-4610-B346-6841DCB56B2A}.Release|Mixed Platforms.Build.0 = Release|Win32
		{2CAACD2D-1A57-4610-B346-6841DCB56B2A}.Release|Win32.ActiveCfg = Release|Win32
		{2CAACD2D-1A57-4610-B346-6841DCB56B2A}.Release|Win32.Build.0 = Release|Win32
		{2CAACD2D-1A57-4610-B346-6841DCB56B2A}.Template|Any CPU.ActiveCfg = Release|Win32
		{2CAACD2D-1A57-4610-B346-6841DCB56B2A}.Template|Mixed Platforms.ActiveCfg = Release|Win32
		{2CAACD2D-1A57-4610-B346-6841DCB56B2A}.Template|Mixed Platforms.Build.0 = Release|Win32
		{2CAACD2D-1A57-4610-B346-6841DCB56B2A}.Template|Win32.ActiveCfg = Release|Win32
		{2CAACD2D-1A57-4610-B346-6841DCB56B2A}.Template|Win32.Build.0 = Release|Win32
		{8A294B69-584E-452C-92D9-442B9F346466}.Debug|Any CPU.ActiveCfg = Debug|Win32
		{8A294B69-584E-452C-92D9-442B9F346466}.Debug|Mixed Platforms.ActiveCfg = Debug|Win32
		{8A294B69-584E-452C-92D9-442B9F346466}.Debug|Mixed Platforms.Build.0 = Debug|Win32
		{8A294B69-584E-452C-92D9-442B9F346466}.Debug|Win32.ActiveCfg = Debug|Win32
		{8A294B69-584E-452C-92D9-442B9F346466}.Debug|Win32.Build.0 = Debug|Win32
		{8A294B69-584E-452C-92D9-442B9F346466}.Release|Any CPU.ActiveCfg = Release|Win32
		{8A294B69-584E-452C-92D9-442B9F346466}.Release|Mixed Platforms.ActiveCfg = Release|Win32
		{8A294B69-584E-452C-92D9-442B9F346466}.Release|Mixed Platforms.Build.0 = Release|Win32
		{8A294B69-584E-452C-92D9-442B9F346466}.Release|Win32.ActiveCfg = Release|Win32
		{8A294B69-584E-452C-92D9-442B9F346466}.Release|Win32.Build.0 = Release|Win32
		{8A294B69-584E-452C-92D9-442B9F346466}.Template|Any CPU.ActiveCfg = Release|Win32
		{8A294B69-584E-452C-92D9-442B9F346466}.Template|Mixed Platforms.ActiveCfg = Release|Win32
		{8A294B69-584E-452C-92D9-442B9F346466}.Template|Mixed Platforms.Build.0 = Release|Win32
		{8A294B69-584E-452C-92D9-442B9F346466}.Template|Win32.ActiveCfg = Release|Win32
		{8A294B69-584E-452C-92D9-442B9F346466}.Template|Win32.Build.0 = Release|Win32
	EndGlobalSection
	GlobalSection(SolutionProperties) = preSolution
		HideSolutionNode = FALSE
	EndGlobalSection
EndGlobal
